
Microsoft Visual Studio Solution File, Format Version 12.00
# Visual Studio Version 16
VisualStudioVersion = 16.0.30320.27
MinimumVisualStudioVersion = 10.0.40219.1
Project("{8BC9CEB8-8B4A-11D0-8D11-00A0C91BC942}") = "kongknog", "kongknog\kongknog.vcxproj", "{2DE53272-D6AA-4FF4-A76F-695D1134BC8C}"
EndProject
Global
	GlobalSection(SolutionConfigurationPlatforms) = preSolution
		Debug|x64 = Debug|x64
		Debug|x86 = Debug|x86
		Release|x64 = Release|x64
		Release|x86 = Release|x86
	EndGlobalSection
	GlobalSection(ProjectConfigurationPlatforms) = postSolution
		{2DE53272-D6AA-4FF4-A76F-695D1134BC8C}.Debug|x64.ActiveCfg = Debug|x64
		{2DE53272-D6AA-4FF4-A76F-695D1134BC8C}.Debug|x64.Build.0 = Debug|x64
		{2DE53272-D6AA-4FF4-A76F-695D1134BC8C}.Debug|x86.ActiveCfg = Debug|Win32
		{2DE53272-D6AA-4FF4-A76F-695D1134BC8C}.Debug|x86.Build.0 = Debug|Win32
		{2DE53272-D6AA-4FF4-A76F-695D1134BC8C}.Release|x64.ActiveCfg = Release|x64
		{2DE53272-D6AA-4FF4-A76F-695D1134BC8C}.Release|x64.Build.0 = Release|x64
		{2DE53272-D6AA-4FF4-A76F-695D1134BC8C}.Release|x86.ActiveCfg = Release|Win32
		{2DE53272-D6AA-4FF4-A76F-695D1134BC8C}.Release|x86.Build.0 = Release|Win32
	EndGlobalSection
	GlobalSection(SolutionProperties) = preSolution
		HideSolutionNode = FALSE
	EndGlobalSection
	GlobalSection(ExtensibilityGlobals) = postSolution
		SolutionGuid = {9DD24AD7-41CE-408C-B7A5-224B52BDC844}
	EndGlobalSection
EndGlobal
